<?xml version="1.0" encoding="utf-8"?>
<Project ToolsVersion="18.0" xmlns="http://schemas.microsoft.com/developer/msbuild/2003">
  <ItemGroup>
    <ClCompile Include="D:\HB Server\Helbreath-Heldenian-Project-Development\Sources\AutoUpdater\auto_updater.cpp">
      <Filter>Source Files</Filter>
    </ClCompile>
    <ClCompile Include="D:\HB Server\Helbreath-Heldenian-Project-Development\Sources\AutoUpdater\updater_manifest.cpp">
      <Filter>Source Files</Filter>
    </ClCompile>
    <ClCompile Include="D:\HB Server\Helbreath-Heldenian-Project-Development\Sources\AutoUpdater\updater_http.cpp">
      <Filter>Source Files</Filter>
    </ClCompile>
    <ClCompile Include="D:\HB Server\Helbreath-Heldenian-Project-Development\Sources\AutoUpdater\updater_sha256.cpp">
      <Filter>Source Files</Filter>
    </ClCompile>
    <ClCompile Include="D:\HB Server\Helbreath-Heldenian-Project-Development\Sources\AutoUpdater\updater_file_ops.cpp">
      <Filter>Source Files</Filter>
    </ClCompile>
    <ClCompile Include="D:\HB Server\Helbreath-Heldenian-Project-Development\Sources\AutoUpdater\updater_gui_x11.cpp">
      <Filter>Source Files</Filter>
    </ClCompile>
  </ItemGroup>
  <ItemGroup>
    <CustomBuild Include="D:\HB Server\Helbreath-Heldenian-Project-Development\Sources\Client\CMakeLists.txt" />
  </ItemGroup>
  <ItemGroup>
    <Filter Include="Source Files">
      <UniqueIdentifier>{1435B327-7C1B-374B-9BFE-ECB304033493}</UniqueIdentifier>
    </Filter>
  </ItemGroup>
</Project>
